
Microsoft Visual Studio Solution File, Format Version 12.00
# Visual Studio Version 17
VisualStudioVersion = 17.1.32328.378
MinimumVisualStudioVersion = 10.0.40219.1
Project("{FAE04EC0-301F-11D3-BF4B-00C04F79EFBC}") = "StreamReaderEmployee", "StreamReaderEmployee\StreamReaderEmployee.csproj", "{9A4F9C02-7891-4D57-82A3-F2925AAF4679}"
EndProject
Global
	GlobalSection(SolutionConfigurationPlatforms) = preSolution
		Debug|Any CPU = Debug|Any CPU
		Release|Any CPU = Release|Any CPU
	EndGlobalSection
	GlobalSection(ProjectConfigurationPlatforms) = postSolution
		{9A4F9C02-7891-4D57-82A3-F2925AAF4679}.Debug|Any CPU.ActiveCfg = Debug|Any CPU
		{9A4F9C02-7891-4D57-82A3-F2925AAF4679}.Debug|Any CPU.Build.0 = Debug|Any CPU
		{9A4F9C02-7891-4D57-82A3-F2925AAF4679}.Release|Any CPU.ActiveCfg = Release|Any CPU
		{9A4F9C02-7891-4D57-82A3-F2925AAF4679}.Release|Any CPU.Build.0 = Release|Any CPU
	EndGlobalSection
	GlobalSection(SolutionProperties) = preSolution
		HideSolutionNode = FALSE
	EndGlobalSection
	GlobalSection(ExtensibilityGlobals) = postSolution
		SolutionGuid = {E60EDA48-982A-4AFF-8838-DC42EACDD1D8}
	EndGlobalSection
EndGlobal
